// !$*UTF8*$!
{
	archiveVersion = 1;
	classes = {
	};
	objectVersion = 77;
	objects = {

/* Begin PBXBuildFile section */
		2BA20D1A45C987E3A6EFC3C2 /* SkillsSyncSharedTests.swift in Sources */ = {isa = PBXBuildFile; fileRef = FD727AEEDFD6802944F1D016 /* SkillsSyncSharedTests.swift */; };
		424484FD68A9017C4A5CA60F /* SyncEngine.swift in Sources */ = {isa = PBXBuildFile; fileRef = 647720FDC4534B8E25CBEF36 /* SyncEngine.swift */; };
		454C5629D2CD9595C521C0FF /* AppSpacing.swift in Sources */ = {isa = PBXBuildFile; fileRef = 7F67DB7D2128AD14EE01B56D /* AppSpacing.swift */; };
		47F6BFE6372E0B759952DBC4 /* SyncPresentation.swift in Sources */ = {isa = PBXBuildFile; fileRef = C22F5067FCAFB7E48F14D295 /* SyncPresentation.swift */; };
		48FDFBC098957FD2336AAD5C /* SyncEngineTests.swift in Sources */ = {isa = PBXBuildFile; fileRef = 1F9966D6B82CAA235FF1999E /* SyncEngineTests.swift */; };
		51A39AD0D616EB4AAB4BD585 /* AppViewModel.swift in Sources */ = {isa = PBXBuildFile; fileRef = 54F944AA3EF312EF6EE100D1 /* AppViewModel.swift */; };
		53CB1ADA2789A03334B44510 /* SyncStateStore.swift in Sources */ = {isa = PBXBuildFile; fileRef = 02B72351E85AD5A64F858F7C /* SyncStateStore.swift */; };
		543D4F2D0FDFB533D3AF5CA3 /* Models.swift in Sources */ = {isa = PBXBuildFile; fileRef = 75916AF05215B08D62932045 /* Models.swift */; };
		5CACADC50C8F8FEC86FDC44F /* SyncPaths.swift in Sources */ = {isa = PBXBuildFile; fileRef = 1CD3472125F35FDBECAFFE8B /* SyncPaths.swift */; };
		5D78B2135CD93FC3A887F6B6 /* Intents.swift in Sources */ = {isa = PBXBuildFile; fileRef = 4FFEFD525ED4642D44514C61 /* Intents.swift */; };
		A80CFAA3773B310AA8FA6897 /* SkillRepairPromptBuilder.swift in Sources */ = {isa = PBXBuildFile; fileRef = 90E8B9772FC89BC45E5E297D /* SkillRepairPromptBuilder.swift */; };
		A88F99EC7D8F55338EFC16B6 /* AppTypography.swift in Sources */ = {isa = PBXBuildFile; fileRef = 78270507E464E5B08B215DAD /* AppTypography.swift */; };
		A9F2CE96FF593515AD443E77 /* SyncPresentationTests.swift in Sources */ = {isa = PBXBuildFile; fileRef = 8304E9A65C2431ABE9966B64 /* SyncPresentationTests.swift */; };
		B7CF5D7FA29FBBEFF0AD7E96 /* SkillsSyncApp.swift in Sources */ = {isa = PBXBuildFile; fileRef = 138612FAE9DDE47730C0114D /* SkillsSyncApp.swift */; };
		C2BBC39037C663095C8A879B /* DeepLink.swift in Sources */ = {isa = PBXBuildFile; fileRef = 71B1FF0DC6FC627D54E72C2B /* DeepLink.swift */; };
		CE2F3E81FB56831F5659426F /* WindowStateCoordinator.swift in Sources */ = {isa = PBXBuildFile; fileRef = B7725D359EF5E770B0AAB67E /* WindowStateCoordinator.swift */; };
		E13E1F77A8270C7906CA984D /* SkillPreviewParser.swift in Sources */ = {isa = PBXBuildFile; fileRef = 03BA106E88878C7D61269E19 /* SkillPreviewParser.swift */; };
		EA2E57E68DC901EA8C2B3216 /* SkillValidator.swift in Sources */ = {isa = PBXBuildFile; fileRef = 9178F25DCE093E88EAD9BC8C /* SkillValidator.swift */; };
		EFB6C6740C9434EC31932E4B /* SyncPreferencesStore.swift in Sources */ = {isa = PBXBuildFile; fileRef = 84D883371EE793C7A7359EF4 /* SyncPreferencesStore.swift */; };
		F9907DCB3E41D9B58A07A909 /* AppTypographyTests.swift in Sources */ = {isa = PBXBuildFile; fileRef = 8173E401C252C1A9580FC8DA /* AppTypographyTests.swift */; };
/* End PBXBuildFile section */

/* Begin PBXContainerItemProxy section */
		189D847BDB9D4E9488CCFFBC /* PBXContainerItemProxy */ = {
			isa = PBXContainerItemProxy;
			containerPortal = 484A2DDF4A7DF4FD49B55BDD /* Project object */;
			proxyType = 1;
			remoteGlobalIDString = F0ECF7B763F8D3AEE54AB5AD;
			remoteInfo = SkillsSyncApp;
		};
/* End PBXContainerItemProxy section */

/* Begin PBXFileReference section */
		02B72351E85AD5A64F858F7C /* SyncStateStore.swift */ = {isa = PBXFileReference; lastKnownFileType = sourcecode.swift; path = SyncStateStore.swift; sourceTree = "<group>"; };
		03BA106E88878C7D61269E19 /* SkillPreviewParser.swift */ = {isa = PBXFileReference; lastKnownFileType = sourcecode.swift; path = SkillPreviewParser.swift; sourceTree = "<group>"; };
		138612FAE9DDE47730C0114D /* SkillsSyncApp.swift */ = {isa = PBXFileReference; lastKnownFileType = sourcecode.swift; path = SkillsSyncApp.swift; sourceTree = "<group>"; };
		1CD3472125F35FDBECAFFE8B /* SyncPaths.swift */ = {isa = PBXFileReference; lastKnownFileType = sourcecode.swift; path = SyncPaths.swift; sourceTree = "<group>"; };
		1F9966D6B82CAA235FF1999E /* SyncEngineTests.swift */ = {isa = PBXFileReference; lastKnownFileType = sourcecode.swift; path = SyncEngineTests.swift; sourceTree = "<group>"; };
		4FFEFD525ED4642D44514C61 /* Intents.swift */ = {isa = PBXFileReference; lastKnownFileType = sourcecode.swift; path = Intents.swift; sourceTree = "<group>"; };
		50B0CFB704F288B32B1CA059 /* SkillsSyncApp.app */ = {isa = PBXFileReference; explicitFileType = wrapper.application; includeInIndex = 0; path = SkillsSyncApp.app; sourceTree = BUILT_PRODUCTS_DIR; };
		54F944AA3EF312EF6EE100D1 /* AppViewModel.swift */ = {isa = PBXFileReference; lastKnownFileType = sourcecode.swift; path = AppViewModel.swift; sourceTree = "<group>"; };
		647720FDC4534B8E25CBEF36 /* SyncEngine.swift */ = {isa = PBXFileReference; lastKnownFileType = sourcecode.swift; path = SyncEngine.swift; sourceTree = "<group>"; };
		71B1FF0DC6FC627D54E72C2B /* DeepLink.swift */ = {isa = PBXFileReference; lastKnownFileType = sourcecode.swift; path = DeepLink.swift; sourceTree = "<group>"; };
		75916AF05215B08D62932045 /* Models.swift */ = {isa = PBXFileReference; lastKnownFileType = sourcecode.swift; path = Models.swift; sourceTree = "<group>"; };
		78270507E464E5B08B215DAD /* AppTypography.swift */ = {isa = PBXFileReference; lastKnownFileType = sourcecode.swift; path = AppTypography.swift; sourceTree = "<group>"; };
		7F67DB7D2128AD14EE01B56D /* AppSpacing.swift */ = {isa = PBXFileReference; lastKnownFileType = sourcecode.swift; path = AppSpacing.swift; sourceTree = "<group>"; };
		8173E401C252C1A9580FC8DA /* AppTypographyTests.swift */ = {isa = PBXFileReference; lastKnownFileType = sourcecode.swift; path = AppTypographyTests.swift; sourceTree = "<group>"; };
		8304E9A65C2431ABE9966B64 /* SyncPresentationTests.swift */ = {isa = PBXFileReference; lastKnownFileType = sourcecode.swift; path = SyncPresentationTests.swift; sourceTree = "<group>"; };
		84D883371EE793C7A7359EF4 /* SyncPreferencesStore.swift */ = {isa = PBXFileReference; lastKnownFileType = sourcecode.swift; path = SyncPreferencesStore.swift; sourceTree = "<group>"; };
		90E8B9772FC89BC45E5E297D /* SkillRepairPromptBuilder.swift */ = {isa = PBXFileReference; lastKnownFileType = sourcecode.swift; path = SkillRepairPromptBuilder.swift; sourceTree = "<group>"; };
		9178F25DCE093E88EAD9BC8C /* SkillValidator.swift */ = {isa = PBXFileReference; lastKnownFileType = sourcecode.swift; path = SkillValidator.swift; sourceTree = "<group>"; };
		B7725D359EF5E770B0AAB67E /* WindowStateCoordinator.swift */ = {isa = PBXFileReference; lastKnownFileType = sourcecode.swift; path = WindowStateCoordinator.swift; sourceTree = "<group>"; };
		C22F5067FCAFB7E48F14D295 /* SyncPresentation.swift */ = {isa = PBXFileReference; lastKnownFileType = sourcecode.swift; path = SyncPresentation.swift; sourceTree = "<group>"; };
		FD727AEEDFD6802944F1D016 /* SkillsSyncSharedTests.swift */ = {isa = PBXFileReference; lastKnownFileType = sourcecode.swift; path = SkillsSyncSharedTests.swift; sourceTree = "<group>"; };
		FF5F0F7FB0C7F6161A8AD575 /* SkillsSyncTests.xctest */ = {isa = PBXFileReference; explicitFileType = wrapper.cfbundle; includeInIndex = 0; path = SkillsSyncTests.xctest; sourceTree = BUILT_PRODUCTS_DIR; };
/* End PBXFileReference section */

/* Begin PBXGroup section */
		5FABA9E265C652B1C44BC4DF /* Shared */ = {
			isa = PBXGroup;
			children = (
				71B1FF0DC6FC627D54E72C2B /* DeepLink.swift */,
				4FFEFD525ED4642D44514C61 /* Intents.swift */,
				75916AF05215B08D62932045 /* Models.swift */,
				03BA106E88878C7D61269E19 /* SkillPreviewParser.swift */,
				90E8B9772FC89BC45E5E297D /* SkillRepairPromptBuilder.swift */,
				9178F25DCE093E88EAD9BC8C /* SkillValidator.swift */,
				647720FDC4534B8E25CBEF36 /* SyncEngine.swift */,
				1CD3472125F35FDBECAFFE8B /* SyncPaths.swift */,
				84D883371EE793C7A7359EF4 /* SyncPreferencesStore.swift */,
				C22F5067FCAFB7E48F14D295 /* SyncPresentation.swift */,
				02B72351E85AD5A64F858F7C /* SyncStateStore.swift */,
			);
			path = Shared;
			sourceTree = "<group>";
		};
		5FD6BF5FD29962BF06A02BB4 /* Sources */ = {
			isa = PBXGroup;
			children = (
				D50061ADBBD154BA77D132E2 /* App */,
				5FABA9E265C652B1C44BC4DF /* Shared */,
			);
			path = Sources;
			sourceTree = "<group>";
		};
		B5B3B73EBF7947A402C6BF31 /* Tests */ = {
			isa = PBXGroup;
			children = (
				EECFD414A826E6DC2E6DD00A /* SkillsSyncTests */,
			);
			path = Tests;
			sourceTree = "<group>";
		};
		C77555087876DCBF7F0D2CA3 /* Products */ = {
			isa = PBXGroup;
			children = (
				50B0CFB704F288B32B1CA059 /* SkillsSyncApp.app */,
				FF5F0F7FB0C7F6161A8AD575 /* SkillsSyncTests.xctest */,
			);
			name = Products;
			sourceTree = "<group>";
		};
		D50061ADBBD154BA77D132E2 /* App */ = {
			isa = PBXGroup;
			children = (
				7F67DB7D2128AD14EE01B56D /* AppSpacing.swift */,
				78270507E464E5B08B215DAD /* AppTypography.swift */,
				54F944AA3EF312EF6EE100D1 /* AppViewModel.swift */,
				138612FAE9DDE47730C0114D /* SkillsSyncApp.swift */,
				B7725D359EF5E770B0AAB67E /* WindowStateCoordinator.swift */,
			);
			path = App;
			sourceTree = "<group>";
		};
		EECFD414A826E6DC2E6DD00A /* SkillsSyncTests */ = {
			isa = PBXGroup;
			children = (
				8173E401C252C1A9580FC8DA /* AppTypographyTests.swift */,
				FD727AEEDFD6802944F1D016 /* SkillsSyncSharedTests.swift */,
				1F9966D6B82CAA235FF1999E /* SyncEngineTests.swift */,
				8304E9A65C2431ABE9966B64 /* SyncPresentationTests.swift */,
			);
			path = SkillsSyncTests;
			sourceTree = "<group>";
		};
		F5354A579777DD6D2ADDC8E8 = {
			isa = PBXGroup;
			children = (
				5FD6BF5FD29962BF06A02BB4 /* Sources */,
				B5B3B73EBF7947A402C6BF31 /* Tests */,
				C77555087876DCBF7F0D2CA3 /* Products */,
			);
			sourceTree = "<group>";
		};
/* End PBXGroup section */

/* Begin PBXNativeTarget section */
		9E43488A3BBDAE36E6E1B10A /* SkillsSyncTests */ = {
			isa = PBXNativeTarget;
			buildConfigurationList = AA85E675BA19214D91B12A59 /* Build configuration list for PBXNativeTarget "SkillsSyncTests" */;
			buildPhases = (
				131315786A15EE83AECA3CB9 /* Sources */,
			);
			buildRules = (
			);
			dependencies = (
				70FB87B415DF9FAD35308281 /* PBXTargetDependency */,
			);
			name = SkillsSyncTests;
			packageProductDependencies = (
			);
			productName = SkillsSyncTests;
			productReference = FF5F0F7FB0C7F6161A8AD575 /* SkillsSyncTests.xctest */;
			productType = "com.apple.product-type.bundle.unit-test";
		};
		F0ECF7B763F8D3AEE54AB5AD /* SkillsSyncApp */ = {
			isa = PBXNativeTarget;
			buildConfigurationList = E6BF16C3169E96D3A0062877 /* Build configuration list for PBXNativeTarget "SkillsSyncApp" */;
			buildPhases = (
				1B632EA81D4B30812D09616F /* Sources */,
			);
			buildRules = (
			);
			dependencies = (
			);
			name = SkillsSyncApp;
			packageProductDependencies = (
			);
			productName = SkillsSyncApp;
			productReference = 50B0CFB704F288B32B1CA059 /* SkillsSyncApp.app */;
			productType = "com.apple.product-type.application";
		};
/* End PBXNativeTarget section */

/* Begin PBXProject section */
		484A2DDF4A7DF4FD49B55BDD /* Project object */ = {
			isa = PBXProject;
			attributes = {
				BuildIndependentTargetsInParallel = YES;
				LastUpgradeCheck = 1430;
				TargetAttributes = {
					9E43488A3BBDAE36E6E1B10A = {
						DevelopmentTeam = AK7R88WBZ6;
						ProvisioningStyle = Automatic;
					};
					F0ECF7B763F8D3AEE54AB5AD = {
						DevelopmentTeam = AK7R88WBZ6;
						ProvisioningStyle = Automatic;
					};
				};
			};
			buildConfigurationList = B9D08BFCBDE2A54E3CFCB181 /* Build configuration list for PBXProject "SkillsSync" */;
			compatibilityVersion = "Xcode 14.0";
			developmentRegion = en;
			hasScannedForEncodings = 0;
			knownRegions = (
				Base,
				en,
			);
			mainGroup = F5354A579777DD6D2ADDC8E8;
			minimizedProjectReferenceProxies = 1;
			preferredProjectObjectVersion = 77;
			projectDirPath = "";
			projectRoot = "";
			targets = (
				F0ECF7B763F8D3AEE54AB5AD /* SkillsSyncApp */,
				9E43488A3BBDAE36E6E1B10A /* SkillsSyncTests */,
			);
		};
/* End PBXProject section */

/* Begin PBXSourcesBuildPhase section */
		131315786A15EE83AECA3CB9 /* Sources */ = {
			isa = PBXSourcesBuildPhase;
			buildActionMask = 2147483647;
			files = (
				F9907DCB3E41D9B58A07A909 /* AppTypographyTests.swift in Sources */,
				2BA20D1A45C987E3A6EFC3C2 /* SkillsSyncSharedTests.swift in Sources */,
				48FDFBC098957FD2336AAD5C /* SyncEngineTests.swift in Sources */,
				A9F2CE96FF593515AD443E77 /* SyncPresentationTests.swift in Sources */,
			);
			runOnlyForDeploymentPostprocessing = 0;
		};
		1B632EA81D4B30812D09616F /* Sources */ = {
			isa = PBXSourcesBuildPhase;
			buildActionMask = 2147483647;
			files = (
				454C5629D2CD9595C521C0FF /* AppSpacing.swift in Sources */,
				A88F99EC7D8F55338EFC16B6 /* AppTypography.swift in Sources */,
				51A39AD0D616EB4AAB4BD585 /* AppViewModel.swift in Sources */,
				C2BBC39037C663095C8A879B /* DeepLink.swift in Sources */,
				5D78B2135CD93FC3A887F6B6 /* Intents.swift in Sources */,
				543D4F2D0FDFB533D3AF5CA3 /* Models.swift in Sources */,
				E13E1F77A8270C7906CA984D /* SkillPreviewParser.swift in Sources */,
				A80CFAA3773B310AA8FA6897 /* SkillRepairPromptBuilder.swift in Sources */,
				EA2E57E68DC901EA8C2B3216 /* SkillValidator.swift in Sources */,
				B7CF5D7FA29FBBEFF0AD7E96 /* SkillsSyncApp.swift in Sources */,
				424484FD68A9017C4A5CA60F /* SyncEngine.swift in Sources */,
				5CACADC50C8F8FEC86FDC44F /* SyncPaths.swift in Sources */,
				EFB6C6740C9434EC31932E4B /* SyncPreferencesStore.swift in Sources */,
				47F6BFE6372E0B759952DBC4 /* SyncPresentation.swift in Sources */,
				53CB1ADA2789A03334B44510 /* SyncStateStore.swift in Sources */,
				CE2F3E81FB56831F5659426F /* WindowStateCoordinator.swift in Sources */,
			);
			runOnlyForDeploymentPostprocessing = 0;
		};
/* End PBXSourcesBuildPhase section */

/* Begin PBXTargetDependency section */
		70FB87B415DF9FAD35308281 /* PBXTargetDependency */ = {
			isa = PBXTargetDependency;
			target = F0ECF7B763F8D3AEE54AB5AD /* SkillsSyncApp */;
			targetProxy = 189D847BDB9D4E9488CCFFBC /* PBXContainerItemProxy */;
		};
/* End PBXTargetDependency section */

/* Begin XCBuildConfiguration section */
		109105D8D1FE555433402CE9 /* Release */ = {
			isa = XCBuildConfiguration;
			buildSettings = {
				ALWAYS_SEARCH_USER_PATHS = NO;
				CLANG_ANALYZER_NONNULL = YES;
				CLANG_ANALYZER_NUMBER_OBJECT_CONVERSION = YES_AGGRESSIVE;
				CLANG_CXX_LANGUAGE_STANDARD = "gnu++14";
				CLANG_CXX_LIBRARY = "libc++";
				CLANG_ENABLE_MODULES = YES;
				CLANG_ENABLE_OBJC_ARC = YES;
				CLANG_ENABLE_OBJC_WEAK = YES;
				CLANG_WARN_BLOCK_CAPTURE_AUTORELEASING = YES;
				CLANG_WARN_BOOL_CONVERSION = YES;
				CLANG_WARN_COMMA = YES;
				CLANG_WARN_CONSTANT_CONVERSION = YES;
				CLANG_WARN_DEPRECATED_OBJC_IMPLEMENTATIONS = YES;
				CLANG_WARN_DIRECT_OBJC_ISA_USAGE = YES_ERROR;
				CLANG_WARN_DOCUMENTATION_COMMENTS = YES;
				CLANG_WARN_EMPTY_BODY = YES;
				CLANG_WARN_ENUM_CONVERSION = YES;
				CLANG_WARN_INFINITE_RECURSION = YES;
				CLANG_WARN_INT_CONVERSION = YES;
				CLANG_WARN_NON_LITERAL_NULL_CONVERSION = YES;
				CLANG_WARN_OBJC_IMPLICIT_RETAIN_SELF = YES;
				CLANG_WARN_OBJC_LITERAL_CONVERSION = YES;
				CLANG_WARN_OBJC_ROOT_CLASS = YES_ERROR;
				CLANG_WARN_QUOTED_INCLUDE_IN_FRAMEWORK_HEADER = YES;
				CLANG_WARN_RANGE_LOOP_ANALYSIS = YES;
				CLANG_WARN_STRICT_PROTOTYPES = YES;
				CLANG_WARN_SUSPICIOUS_MOVE = YES;
				CLANG_WARN_UNGUARDED_AVAILABILITY = YES_AGGRESSIVE;
				CLANG_WARN_UNREACHABLE_CODE = YES;
				CLANG_WARN__DUPLICATE_METHOD_MATCH = YES;
				CODE_SIGN_IDENTITY = "Apple Development";
				CODE_SIGN_STYLE = Automatic;
				COPY_PHASE_STRIP = NO;
				DEBUG_INFORMATION_FORMAT = "dwarf-with-dsym";
				DEVELOPMENT_TEAM = AK7R88WBZ6;
				ENABLE_NS_ASSERTIONS = NO;
				ENABLE_STRICT_OBJC_MSGSEND = YES;
				GCC_C_LANGUAGE_STANDARD = gnu11;
				GCC_NO_COMMON_BLOCKS = YES;
				GCC_WARN_64_TO_32_BIT_CONVERSION = YES;
				GCC_WARN_ABOUT_RETURN_TYPE = YES_ERROR;
				GCC_WARN_UNDECLARED_SELECTOR = YES;
				GCC_WARN_UNINITIALIZED_AUTOS = YES_AGGRESSIVE;
				GCC_WARN_UNUSED_FUNCTION = YES;
				GCC_WARN_UNUSED_VARIABLE = YES;
				MACOSX_DEPLOYMENT_TARGET = 15.0;
				MTL_ENABLE_DEBUG_INFO = NO;
				MTL_FAST_MATH = YES;
				PRODUCT_NAME = "$(TARGET_NAME)";
				SDKROOT = macosx;
				SWIFT_COMPILATION_MODE = wholemodule;
				SWIFT_OPTIMIZATION_LEVEL = "-O";
				SWIFT_VERSION = 6.0;
			};
			name = Release;
		};
		59F55E9AEE4B278A12EAAD76 /* Debug */ = {
			isa = XCBuildConfiguration;
			buildSettings = {
				BUNDLE_LOADER = "$(TEST_HOST)";
				COMBINE_HIDPI_IMAGES = YES;
				GENERATE_INFOPLIST_FILE = YES;
				LD_RUNPATH_SEARCH_PATHS = (
					"$(inherited)",
					"@executable_path/../Frameworks",
					"@loader_path/../Frameworks",
				);
				PRODUCT_BUNDLE_IDENTIFIER = dev.fedosov.skillssync.tests;
				SDKROOT = macosx;
				TEST_HOST = "$(BUILT_PRODUCTS_DIR)/SkillsSyncApp.app/Contents/MacOS/SkillsSyncApp";
			};
			name = Debug;
		};
		70B5668D434699B66870F43F /* Debug */ = {
			isa = XCBuildConfiguration;
			buildSettings = {
				ALWAYS_SEARCH_USER_PATHS = NO;
				CLANG_ANALYZER_NONNULL = YES;
				CLANG_ANALYZER_NUMBER_OBJECT_CONVERSION = YES_AGGRESSIVE;
				CLANG_CXX_LANGUAGE_STANDARD = "gnu++14";
				CLANG_CXX_LIBRARY = "libc++";
				CLANG_ENABLE_MODULES = YES;
				CLANG_ENABLE_OBJC_ARC = YES;
				CLANG_ENABLE_OBJC_WEAK = YES;
				CLANG_WARN_BLOCK_CAPTURE_AUTORELEASING = YES;
				CLANG_WARN_BOOL_CONVERSION = YES;
				CLANG_WARN_COMMA = YES;
				CLANG_WARN_CONSTANT_CONVERSION = YES;
				CLANG_WARN_DEPRECATED_OBJC_IMPLEMENTATIONS = YES;
				CLANG_WARN_DIRECT_OBJC_ISA_USAGE = YES_ERROR;
				CLANG_WARN_DOCUMENTATION_COMMENTS = YES;
				CLANG_WARN_EMPTY_BODY = YES;
				CLANG_WARN_ENUM_CONVERSION = YES;
				CLANG_WARN_INFINITE_RECURSION = YES;
				CLANG_WARN_INT_CONVERSION = YES;
				CLANG_WARN_NON_LITERAL_NULL_CONVERSION = YES;
				CLANG_WARN_OBJC_IMPLICIT_RETAIN_SELF = YES;
				CLANG_WARN_OBJC_LITERAL_CONVERSION = YES;
				CLANG_WARN_OBJC_ROOT_CLASS = YES_ERROR;
				CLANG_WARN_QUOTED_INCLUDE_IN_FRAMEWORK_HEADER = YES;
				CLANG_WARN_RANGE_LOOP_ANALYSIS = YES;
				CLANG_WARN_STRICT_PROTOTYPES = YES;
				CLANG_WARN_SUSPICIOUS_MOVE = YES;
				CLANG_WARN_UNGUARDED_AVAILABILITY = YES_AGGRESSIVE;
				CLANG_WARN_UNREACHABLE_CODE = YES;
				CLANG_WARN__DUPLICATE_METHOD_MATCH = YES;
				CODE_SIGN_IDENTITY = "Apple Development";
				CODE_SIGN_STYLE = Automatic;
				COPY_PHASE_STRIP = NO;
				DEBUG_INFORMATION_FORMAT = dwarf;
				DEVELOPMENT_TEAM = AK7R88WBZ6;
				ENABLE_STRICT_OBJC_MSGSEND = YES;
				ENABLE_TESTABILITY = YES;
				GCC_C_LANGUAGE_STANDARD = gnu11;
				GCC_DYNAMIC_NO_PIC = NO;
				GCC_NO_COMMON_BLOCKS = YES;
				GCC_OPTIMIZATION_LEVEL = 0;
				GCC_PREPROCESSOR_DEFINITIONS = (
					"$(inherited)",
					"DEBUG=1",
				);
				GCC_WARN_64_TO_32_BIT_CONVERSION = YES;
				GCC_WARN_ABOUT_RETURN_TYPE = YES_ERROR;
				GCC_WARN_UNDECLARED_SELECTOR = YES;
				GCC_WARN_UNINITIALIZED_AUTOS = YES_AGGRESSIVE;
				GCC_WARN_UNUSED_FUNCTION = YES;
				GCC_WARN_UNUSED_VARIABLE = YES;
				MACOSX_DEPLOYMENT_TARGET = 15.0;
				MTL_ENABLE_DEBUG_INFO = INCLUDE_SOURCE;
				MTL_FAST_MATH = YES;
				ONLY_ACTIVE_ARCH = YES;
				PRODUCT_NAME = "$(TARGET_NAME)";
				SDKROOT = macosx;
				SWIFT_ACTIVE_COMPILATION_CONDITIONS = DEBUG;
				SWIFT_OPTIMIZATION_LEVEL = "-Onone";
				SWIFT_VERSION = 6.0;
			};
			name = Debug;
		};
		801FC2B0E1CE6E688157CA61 /* Debug */ = {
			isa = XCBuildConfiguration;
			buildSettings = {
				ASSETCATALOG_COMPILER_APPICON_NAME = AppIcon;
				CODE_SIGN_ENTITLEMENTS = App/SkillsSyncApp.entitlements;
				COMBINE_HIDPI_IMAGES = YES;
				INFOPLIST_FILE = "App/App-Info.plist";
				LD_RUNPATH_SEARCH_PATHS = (
					"$(inherited)",
					"@executable_path/../Frameworks",
				);
				PRODUCT_BUNDLE_IDENTIFIER = dev.fedosov.skillssync.app;
				PRODUCT_NAME = SkillsSyncApp;
				SDKROOT = macosx;
			};
			name = Debug;
		};
		AFD42312ED05C70213A7675D /* Release */ = {
			isa = XCBuildConfiguration;
			buildSettings = {
				ASSETCATALOG_COMPILER_APPICON_NAME = AppIcon;
				CODE_SIGN_ENTITLEMENTS = App/SkillsSyncApp.entitlements;
				COMBINE_HIDPI_IMAGES = YES;
				INFOPLIST_FILE = "App/App-Info.plist";
				LD_RUNPATH_SEARCH_PATHS = (
					"$(inherited)",
					"@executable_path/../Frameworks",
				);
				PRODUCT_BUNDLE_IDENTIFIER = dev.fedosov.skillssync.app;
				PRODUCT_NAME = SkillsSyncApp;
				SDKROOT = macosx;
			};
			name = Release;
		};
		CD1ED1B41AA0AB0C8BA03659 /* Release */ = {
			isa = XCBuildConfiguration;
			buildSettings = {
				BUNDLE_LOADER = "$(TEST_HOST)";
				COMBINE_HIDPI_IMAGES = YES;
				GENERATE_INFOPLIST_FILE = YES;
				LD_RUNPATH_SEARCH_PATHS = (
					"$(inherited)",
					"@executable_path/../Frameworks",
					"@loader_path/../Frameworks",
				);
				PRODUCT_BUNDLE_IDENTIFIER = dev.fedosov.skillssync.tests;
				SDKROOT = macosx;
				TEST_HOST = "$(BUILT_PRODUCTS_DIR)/SkillsSyncApp.app/Contents/MacOS/SkillsSyncApp";
			};
			name = Release;
		};
/* End XCBuildConfiguration section */

/* Begin XCConfigurationList section */
		AA85E675BA19214D91B12A59 /* Build configuration list for PBXNativeTarget "SkillsSyncTests" */ = {
			isa = XCConfigurationList;
			buildConfigurations = (
				59F55E9AEE4B278A12EAAD76 /* Debug */,
				CD1ED1B41AA0AB0C8BA03659 /* Release */,
			);
			defaultConfigurationIsVisible = 0;
			defaultConfigurationName = Debug;
		};
		B9D08BFCBDE2A54E3CFCB181 /* Build configuration list for PBXProject "SkillsSync" */ = {
			isa = XCConfigurationList;
			buildConfigurations = (
				70B5668D434699B66870F43F /* Debug */,
				109105D8D1FE555433402CE9 /* Release */,
			);
			defaultConfigurationIsVisible = 0;
			defaultConfigurationName = Debug;
		};
		E6BF16C3169E96D3A0062877 /* Build configuration list for PBXNativeTarget "SkillsSyncApp" */ = {
			isa = XCConfigurationList;
			buildConfigurations = (
				801FC2B0E1CE6E688157CA61 /* Debug */,
				AFD42312ED05C70213A7675D /* Release */,
			);
			defaultConfigurationIsVisible = 0;
			defaultConfigurationName = Debug;
		};
/* End XCConfigurationList section */
	};
	rootObject = 484A2DDF4A7DF4FD49B55BDD /* Project object */;
}
